
Microsoft Visual Studio Solution File, Format Version 12.00
# Visual Studio Version 16
VisualStudioVersion = 16.0.30204.135
MinimumVisualStudioVersion = 10.0.40219.1
Project("{FAE04EC0-301F-11D3-BF4B-00C04F79EFBC}") = "Course", "Course\Course.csproj", "{BD4E71B5-8458-46FB-9A7E-0C38DD15297D}"
EndProject
Project("{FAE04EC0-301F-11D3-BF4B-00C04F79EFBC}") = "Course.Tests", "Course.Tests\Course.Tests.csproj", "{F1F627CE-6F6A-439F-9F8A-B871A65EDB25}"
EndProject
Global
	GlobalSection(SolutionConfigurationPlatforms) = preSolution
		Debug|Any CPU = Debug|Any CPU
		Release|Any CPU = Release|Any CPU
	EndGlobalSection
	GlobalSection(ProjectConfigurationPlatforms) = postSolution
		{BD4E71B5-8458-46FB-9A7E-0C38DD15297D}.Debug|Any CPU.ActiveCfg = Debug|Any CPU
		{BD4E71B5-8458-46FB-9A7E-0C38DD15297D}.Debug|Any CPU.Build.0 = Debug|Any CPU
		{BD4E71B5-8458-46FB-9A7E-0C38DD15297D}.Release|Any CPU.ActiveCfg = Release|Any CPU
		{BD4E71B5-8458-46FB-9A7E-0C38DD15297D}.Release|Any CPU.Build.0 = Release|Any CPU
		{F1F627CE-6F6A-439F-9F8A-B871A65EDB25}.Debug|Any CPU.ActiveCfg = Debug|Any CPU
		{F1F627CE-6F6A-439F-9F8A-B871A65EDB25}.Debug|Any CPU.Build.0 = Debug|Any CPU
		{F1F627CE-6F6A-439F-9F8A-B871A65EDB25}.Release|Any CPU.ActiveCfg = Release|Any CPU
		{F1F627CE-6F6A-439F-9F8A-B871A65EDB25}.Release|Any CPU.Build.0 = Release|Any CPU
	EndGlobalSection
	GlobalSection(SolutionProperties) = preSolution
		HideSolutionNode = FALSE
	EndGlobalSection
	GlobalSection(ExtensibilityGlobals) = postSolution
		SolutionGuid = {0EDF0B11-4D2F-403D-B62D-A876F05B316F}
	EndGlobalSection
EndGlobal
